
Microsoft Visual Studio Solution File, Format Version 12.00
# Visual Studio Version 16
VisualStudioVersion = 16.0.31410.357
MinimumVisualStudioVersion = 10.0.40219.1
Project("{FAE04EC0-301F-11D3-BF4B-00C04F79EFBC}") = "BigSchool1", "BigSchool1\BigSchool1.csproj", "{4D0810E0-9E89-48AD-8B97-A68B70D7E4E8}"
EndProject
Global
	GlobalSection(SolutionConfigurationPlatforms) = preSolution
		Debug|Any CPU = Debug|Any CPU
		Release|Any CPU = Release|Any CPU
	EndGlobalSection
	GlobalSection(ProjectConfigurationPlatforms) = postSolution
		{4D0810E0-9E89-48AD-8B97-A68B70D7E4E8}.Debug|Any CPU.ActiveCfg = Debug|Any CPU
		{4D0810E0-9E89-48AD-8B97-A68B70D7E4E8}.Debug|Any CPU.Build.0 = Debug|Any CPU
		{4D0810E0-9E89-48AD-8B97-A68B70D7E4E8}.Release|Any CPU.ActiveCfg = Release|Any CPU
		{4D0810E0-9E89-48AD-8B97-A68B70D7E4E8}.Release|Any CPU.Build.0 = Release|Any CPU
	EndGlobalSection
	GlobalSection(SolutionProperties) = preSolution
		HideSolutionNode = FALSE
	EndGlobalSection
	GlobalSection(ExtensibilityGlobals) = postSolution
		SolutionGuid = {66DEB682-E9B4-487C-A5C5-C1FE589BAFEF}
	EndGlobalSection
EndGlobal
